
Microsoft Visual Studio Solution File, Format Version 12.00
# Visual Studio Version 17
VisualStudioVersion = 17.0.31903.59
MinimumVisualStudioVersion = 10.0.40219.1
Project("{FAE04EC0-301F-11D3-BF4B-00C04F79EFBC}") = "aula9", "aula9.csproj", "{92904334-26B2-41CF-8635-A2D2318D8D40}"
EndProject
Project("{FAE04EC0-301F-11D3-BF4B-00C04F79EFBC}") = "Solution.Common", "Solution.Common\Solution.Common.csproj", "{77867903-681B-4114-A836-6E72EACCDE02}"
EndProject
Global
	GlobalSection(SolutionConfigurationPlatforms) = preSolution
		Debug|Any CPU = Debug|Any CPU
		Release|Any CPU = Release|Any CPU
	EndGlobalSection
	GlobalSection(SolutionProperties) = preSolution
		HideSolutionNode = FALSE
	EndGlobalSection
	GlobalSection(ProjectConfigurationPlatforms) = postSolution
		{92904334-26B2-41CF-8635-A2D2318D8D40}.Debug|Any CPU.ActiveCfg = Debug|Any CPU
		{92904334-26B2-41CF-8635-A2D2318D8D40}.Debug|Any CPU.Build.0 = Debug|Any CPU
		{92904334-26B2-41CF-8635-A2D2318D8D40}.Release|Any CPU.ActiveCfg = Release|Any CPU
		{92904334-26B2-41CF-8635-A2D2318D8D40}.Release|Any CPU.Build.0 = Release|Any CPU
		{77867903-681B-4114-A836-6E72EACCDE02}.Debug|Any CPU.ActiveCfg = Debug|Any CPU
		{77867903-681B-4114-A836-6E72EACCDE02}.Debug|Any CPU.Build.0 = Debug|Any CPU
		{77867903-681B-4114-A836-6E72EACCDE02}.Release|Any CPU.ActiveCfg = Release|Any CPU
		{77867903-681B-4114-A836-6E72EACCDE02}.Release|Any CPU.Build.0 = Release|Any CPU
	EndGlobalSection
EndGlobal
